// !$*UTF8*$!
{
	archiveVersion = 1;
	classes = {
	};
	objectVersion = 55;
	objects = {

/* Begin PBXBuildFile section */
		560542B7272E8F2A00DC2F23 /* RecipeDetatilView.swift in Sources */ = {isa = PBXBuildFile; fileRef = 560542B6272E8F2A00DC2F23 /* RecipeDetatilView.swift */; };
		560C15C6273115F500BB7827 /* RecipeTabView.swift in Sources */ = {isa = PBXBuildFile; fileRef = 560C15C5273115F500BB7827 /* RecipeTabView.swift */; };
		5619A3BE273294A30015DB81 /* RecipeFeaturedView.swift in Sources */ = {isa = PBXBuildFile; fileRef = 5619A3BD273294A30015DB81 /* RecipeFeaturedView.swift */; };
		56BF234127328DC600195C11 /* recipes.json in Resources */ = {isa = PBXBuildFile; fileRef = 56BF234027328DC600195C11 /* recipes.json */; };
		56DF251C272DC38300103545 /* Recipe_App_List.swift in Sources */ = {isa = PBXBuildFile; fileRef = 56DF251B272DC38300103545 /* Recipe_App_List.swift */; };
		56DF251E272DC38300103545 /* RecipeView.swift in Sources */ = {isa = PBXBuildFile; fileRef = 56DF251D272DC38300103545 /* RecipeView.swift */; };
		56DF2520272DC38400103545 /* Assets.xcassets in Resources */ = {isa = PBXBuildFile; fileRef = 56DF251F272DC38400103545 /* Assets.xcassets */; };
		56DF2523272DC38400103545 /* Preview Assets.xcassets in Resources */ = {isa = PBXBuildFile; fileRef = 56DF2522272DC38400103545 /* Preview Assets.xcassets */; };
		56DF2533272DC53200103545 /* Recipe.swift in Sources */ = {isa = PBXBuildFile; fileRef = 56DF2532272DC53200103545 /* Recipe.swift */; };
		56DF2535272DC6A000103545 /* RecipeModel.swift in Sources */ = {isa = PBXBuildFile; fileRef = 56DF2534272DC6A000103545 /* RecipeModel.swift */; };
		56DF2537272DC7F200103545 /* DataService.swift in Sources */ = {isa = PBXBuildFile; fileRef = 56DF2536272DC7F200103545 /* DataService.swift */; };
/* End PBXBuildFile section */

/* Begin PBXFileReference section */
		560542B6272E8F2A00DC2F23 /* RecipeDetatilView.swift */ = {isa = PBXFileReference; lastKnownFileType = sourcecode.swift; path = RecipeDetatilView.swift; sourceTree = "<group>"; };
		560C15C5273115F500BB7827 /* RecipeTabView.swift */ = {isa = PBXFileReference; lastKnownFileType = sourcecode.swift; path = RecipeTabView.swift; sourceTree = "<group>"; };
		5619A3BD273294A30015DB81 /* RecipeFeaturedView.swift */ = {isa = PBXFileReference; lastKnownFileType = sourcecode.swift; path = RecipeFeaturedView.swift; sourceTree = "<group>"; };
		56BF234027328DC600195C11 /* recipes.json */ = {isa = PBXFileReference; lastKnownFileType = text.json; path = recipes.json; sourceTree = "<group>"; };
		56DF2518272DC38300103545 /* Recipe App List.app */ = {isa = PBXFileReference; explicitFileType = wrapper.application; includeInIndex = 0; path = "Recipe App List.app"; sourceTree = BUILT_PRODUCTS_DIR; };
		56DF251B272DC38300103545 /* Recipe_App_List.swift */ = {isa = PBXFileReference; lastKnownFileType = sourcecode.swift; path = Recipe_App_List.swift; sourceTree = "<group>"; };
		56DF251D272DC38300103545 /* RecipeView.swift */ = {isa = PBXFileReference; lastKnownFileType = sourcecode.swift; path = RecipeView.swift; sourceTree = "<group>"; };
		56DF251F272DC38400103545 /* Assets.xcassets */ = {isa = PBXFileReference; lastKnownFileType = folder.assetcatalog; path = Assets.xcassets; sourceTree = "<group>"; };
		56DF2522272DC38400103545 /* Preview Assets.xcassets */ = {isa = PBXFileReference; lastKnownFileType = folder.assetcatalog; path = "Preview Assets.xcassets"; sourceTree = "<group>"; };
		56DF2532272DC53200103545 /* Recipe.swift */ = {isa = PBXFileReference; lastKnownFileType = sourcecode.swift; path = Recipe.swift; sourceTree = "<group>"; };
		56DF2534272DC6A000103545 /* RecipeModel.swift */ = {isa = PBXFileReference; lastKnownFileType = sourcecode.swift; path = RecipeModel.swift; sourceTree = "<group>"; };
		56DF2536272DC7F200103545 /* DataService.swift */ = {isa = PBXFileReference; lastKnownFileType = sourcecode.swift; path = DataService.swift; sourceTree = "<group>"; };
/* End PBXFileReference section */

/* Begin PBXFrameworksBuildPhase section */
		56DF2515272DC38300103545 /* Frameworks */ = {
			isa = PBXFrameworksBuildPhase;
			buildActionMask = 2147483647;
			files = (
			);
			runOnlyForDeploymentPostprocessing = 0;
		};
/* End PBXFrameworksBuildPhase section */

/* Begin PBXGroup section */
		56DF250F272DC38300103545 = {
			isa = PBXGroup;
			children = (
				56DF251A272DC38300103545 /* Recipe App List */,
				56DF2519272DC38300103545 /* Products */,
			);
			sourceTree = "<group>";
		};
		56DF2519272DC38300103545 /* Products */ = {
			isa = PBXGroup;
			children = (
				56DF2518272DC38300103545 /* Recipe App List.app */,
			);
			name = Products;
			sourceTree = "<group>";
		};
		56DF251A272DC38300103545 /* Recipe App List */ = {
			isa = PBXGroup;
			children = (
				56DF2529272DC3BD00103545 /* Views */,
				56DF252C272DC3E600103545 /* ViewModels */,
				56DF252B272DC3D200103545 /* Models */,
				56DF252D272DC3F400103545 /* Services */,
				56DF252A272DC3C800103545 /* Data */,
				56DF251B272DC38300103545 /* Recipe_App_List.swift */,
				56DF251F272DC38400103545 /* Assets.xcassets */,
				56DF2521272DC38400103545 /* Preview Content */,
			);
			path = "Recipe App List";
			sourceTree = "<group>";
		};
		56DF2521272DC38400103545 /* Preview Content */ = {
			isa = PBXGroup;
			children = (
				56DF2522272DC38400103545 /* Preview Assets.xcassets */,
			);
			path = "Preview Content";
			sourceTree = "<group>";
		};
		56DF2529272DC3BD00103545 /* Views */ = {
			isa = PBXGroup;
			children = (
				56DF251D272DC38300103545 /* RecipeView.swift */,
				560C15C5273115F500BB7827 /* RecipeTabView.swift */,
				560542B6272E8F2A00DC2F23 /* RecipeDetatilView.swift */,
				5619A3BD273294A30015DB81 /* RecipeFeaturedView.swift */,
			);
			path = Views;
			sourceTree = "<group>";
		};
		56DF252A272DC3C800103545 /* Data */ = {
			isa = PBXGroup;
			children = (
				56BF234027328DC600195C11 /* recipes.json */,
			);
			path = Data;
			sourceTree = "<group>";
		};
		56DF252B272DC3D200103545 /* Models */ = {
			isa = PBXGroup;
			children = (
				56DF2532272DC53200103545 /* Recipe.swift */,
			);
			path = Models;
			sourceTree = "<group>";
		};
		56DF252C272DC3E600103545 /* ViewModels */ = {
			isa = PBXGroup;
			children = (
				56DF2534272DC6A000103545 /* RecipeModel.swift */,
			);
			path = ViewModels;
			sourceTree = "<group>";
		};
		56DF252D272DC3F400103545 /* Services */ = {
			isa = PBXGroup;
			children = (
				56DF2536272DC7F200103545 /* DataService.swift */,
			);
			path = Services;
			sourceTree = "<group>";
		};
/* End PBXGroup section */

/* Begin PBXNativeTarget section */
		56DF2517272DC38300103545 /* Recipe App List */ = {
			isa = PBXNativeTarget;
			buildConfigurationList = 56DF2526272DC38400103545 /* Build configuration list for PBXNativeTarget "Recipe App List" */;
			buildPhases = (
				56DF2514272DC38300103545 /* Sources */,
				56DF2515272DC38300103545 /* Frameworks */,
				56DF2516272DC38300103545 /* Resources */,
			);
			buildRules = (
			);
			dependencies = (
			);
			name = "Recipe App List";
			productName = "Recipe App List";
			productReference = 56DF2518272DC38300103545 /* Recipe App List.app */;
			productType = "com.apple.product-type.application";
		};
/* End PBXNativeTarget section */

/* Begin PBXProject section */
		56DF2510272DC38300103545 /* Project object */ = {
			isa = PBXProject;
			attributes = {
				BuildIndependentTargetsInParallel = 1;
				LastSwiftUpdateCheck = 1300;
				LastUpgradeCheck = 1300;
				TargetAttributes = {
					56DF2517272DC38300103545 = {
						CreatedOnToolsVersion = 13.0;
					};
				};
			};
			buildConfigurationList = 56DF2513272DC38300103545 /* Build configuration list for PBXProject "Recipe App List" */;
			compatibilityVersion = "Xcode 13.0";
			developmentRegion = en;
			hasScannedForEncodings = 0;
			knownRegions = (
				en,
				Base,
			);
			mainGroup = 56DF250F272DC38300103545;
			productRefGroup = 56DF2519272DC38300103545 /* Products */;
			projectDirPath = "";
			projectRoot = "";
			targets = (
				56DF2517272DC38300103545 /* Recipe App List */,
			);
		};
/* End PBXProject section */

/* Begin PBXResourcesBuildPhase section */
		56DF2516272DC38300103545 /* Resources */ = {
			isa = PBXResourcesBuildPhase;
			buildActionMask = 2147483647;
			files = (
				56DF2523272DC38400103545 /* Preview Assets.xcassets in Resources */,
				56BF234127328DC600195C11 /* recipes.json in Resources */,
				56DF2520272DC38400103545 /* Assets.xcassets in Resources */,
			);
			runOnlyForDeploymentPostprocessing = 0;
		};
/* End PBXResourcesBuildPhase section */

/* Begin PBXSourcesBuildPhase section */
		56DF2514272DC38300103545 /* Sources */ = {
			isa = PBXSourcesBuildPhase;
			buildActionMask = 2147483647;
			files = (
				560542B7272E8F2A00DC2F23 /* RecipeDetatilView.swift in Sources */,
				56DF2533272DC53200103545 /* Recipe.swift in Sources */,
				56DF2535272DC6A000103545 /* RecipeModel.swift in Sources */,
				56DF251E272DC38300103545 /* RecipeView.swift in Sources */,
				56DF251C272DC38300103545 /* Recipe_App_List.swift in Sources */,
				56DF2537272DC7F200103545 /* DataService.swift in Sources */,
				5619A3BE273294A30015DB81 /* RecipeFeaturedView.swift in Sources */,
				560C15C6273115F500BB7827 /* RecipeTabView.swift in Sources */,
			);
			runOnlyForDeploymentPostprocessing = 0;
		};
/* End PBXSourcesBuildPhase section */

/* Begin XCBuildConfiguration section */
		56DF2524272DC38400103545 /* Debug */ = {
			isa = XCBuildConfiguration;
			buildSettings = {
				ALWAYS_SEARCH_USER_PATHS = NO;
				CLANG_ANALYZER_NONNULL = YES;
				CLANG_ANALYZER_NUMBER_OBJECT_CONVERSION = YES_AGGRESSIVE;
				CLANG_CXX_LANGUAGE_STANDARD = "gnu++17";
				CLANG_CXX_LIBRARY = "libc++";
				CLANG_ENABLE_MODULES = YES;
				CLANG_ENABLE_OBJC_ARC = YES;
				CLANG_ENABLE_OBJC_WEAK = YES;
				CLANG_WARN_BLOCK_CAPTURE_AUTORELEASING = YES;
				CLANG_WARN_BOOL_CONVERSION = YES;
				CLANG_WARN_COMMA = YES;
				CLANG_WARN_CONSTANT_CONVERSION = YES;
				CLANG_WARN_DEPRECATED_OBJC_IMPLEMENTATIONS = YES;
				CLANG_WARN_DIRECT_OBJC_ISA_USAGE = YES_ERROR;
				CLANG_WARN_DOCUMENTATION_COMMENTS = YES;
				CLANG_WARN_EMPTY_BODY = YES;
				CLANG_WARN_ENUM_CONVERSION = YES;
				CLANG_WARN_INFINITE_RECURSION = YES;
				CLANG_WARN_INT_CONVERSION = YES;
				CLANG_WARN_NON_LITERAL_NULL_CONVERSION = YES;
				CLANG_WARN_OBJC_IMPLICIT_RETAIN_SELF = YES;
				CLANG_WARN_OBJC_LITERAL_CONVERSION = YES;
				CLANG_WARN_OBJC_ROOT_CLASS = YES_ERROR;
				CLANG_WARN_QUOTED_INCLUDE_IN_FRAMEWORK_HEADER = YES;
				CLANG_WARN_RANGE_LOOP_ANALYSIS = YES;
				CLANG_WARN_STRICT_PROTOTYPES = YES;
				CLANG_WARN_SUSPICIOUS_MOVE = YES;
				CLANG_WARN_UNGUARDED_AVAILABILITY = YES_AGGRESSIVE;
				CLANG_WARN_UNREACHABLE_CODE = YES;
				CLANG_WARN__DUPLICATE_METHOD_MATCH = YES;
				COPY_PHASE_STRIP = NO;
				DEBUG_INFORMATION_FORMAT = dwarf;
				ENABLE_STRICT_OBJC_MSGSEND = YES;
				ENABLE_TESTABILITY = YES;
				GCC_C_LANGUAGE_STANDARD = gnu11;
				GCC_DYNAMIC_NO_PIC = NO;
				GCC_NO_COMMON_BLOCKS = YES;
				GCC_OPTIMIZATION_LEVEL = 0;
				GCC_PREPROCESSOR_DEFINITIONS = (
					"DEBUG=1",
					"$(inherited)",
				);
				GCC_WARN_64_TO_32_BIT_CONVERSION = YES;
				GCC_WARN_ABOUT_RETURN_TYPE = YES_ERROR;
				GCC_WARN_UNDECLARED_SELECTOR = YES;
				GCC_WARN_UNINITIALIZED_AUTOS = YES_AGGRESSIVE;
				GCC_WARN_UNUSED_FUNCTION = YES;
				GCC_WARN_UNUSED_VARIABLE = YES;
				IPHONEOS_DEPLOYMENT_TARGET = 15.0;
				MTL_ENABLE_DEBUG_INFO = INCLUDE_SOURCE;
				MTL_FAST_MATH = YES;
				ONLY_ACTIVE_ARCH = YES;
				SDKROOT = iphoneos;
				SWIFT_ACTIVE_COMPILATION_CONDITIONS = DEBUG;
				SWIFT_OPTIMIZATION_LEVEL = "-Onone";
			};
			name = Debug;
		};
		56DF2525272DC38400103545 /* Release */ = {
			isa = XCBuildConfiguration;
			buildSettings = {
				ALWAYS_SEARCH_USER_PATHS = NO;
				CLANG_ANALYZER_NONNULL = YES;
				CLANG_ANALYZER_NUMBER_OBJECT_CONVERSION = YES_AGGRESSIVE;
				CLANG_CXX_LANGUAGE_STANDARD = "gnu++17";
				CLANG_CXX_LIBRARY = "libc++";
				CLANG_ENABLE_MODULES = YES;
				CLANG_ENABLE_OBJC_ARC = YES;
				CLANG_ENABLE_OBJC_WEAK = YES;
				CLANG_WARN_BLOCK_CAPTURE_AUTORELEASING = YES;
				CLANG_WARN_BOOL_CONVERSION = YES;
				CLANG_WARN_COMMA = YES;
				CLANG_WARN_CONSTANT_CONVERSION = YES;
				CLANG_WARN_DEPRECATED_OBJC_IMPLEMENTATIONS = YES;
				CLANG_WARN_DIRECT_OBJC_ISA_USAGE = YES_ERROR;
				CLANG_WARN_DOCUMENTATION_COMMENTS = YES;
				CLANG_WARN_EMPTY_BODY = YES;
				CLANG_WARN_ENUM_CONVERSION = YES;
				CLANG_WARN_INFINITE_RECURSION = YES;
				CLANG_WARN_INT_CONVERSION = YES;
				CLANG_WARN_NON_LITERAL_NULL_CONVERSION = YES;
				CLANG_WARN_OBJC_IMPLICIT_RETAIN_SELF = YES;
				CLANG_WARN_OBJC_LITERAL_CONVERSION = YES;
				CLANG_WARN_OBJC_ROOT_CLASS = YES_ERROR;
				CLANG_WARN_QUOTED_INCLUDE_IN_FRAMEWORK_HEADER = YES;
				CLANG_WARN_RANGE_LOOP_ANALYSIS = YES;
				CLANG_WARN_STRICT_PROTOTYPES = YES;
				CLANG_WARN_SUSPICIOUS_MOVE = YES;
				CLANG_WARN_UNGUARDED_AVAILABILITY = YES_AGGRESSIVE;
				CLANG_WARN_UNREACHABLE_CODE = YES;
				CLANG_WARN__DUPLICATE_METHOD_MATCH = YES;
				COPY_PHASE_STRIP = NO;
				DEBUG_INFORMATION_FORMAT = "dwarf-with-dsym";
				ENABLE_NS_ASSERTIONS = NO;
				ENABLE_STRICT_OBJC_MSGSEND = YES;
				GCC_C_LANGUAGE_STANDARD = gnu11;
				GCC_NO_COMMON_BLOCKS = YES;
				GCC_WARN_64_TO_32_BIT_CONVERSION = YES;
				GCC_WARN_ABOUT_RETURN_TYPE = YES_ERROR;
				GCC_WARN_UNDECLARED_SELECTOR = YES;
				GCC_WARN_UNINITIALIZED_AUTOS = YES_AGGRESSIVE;
				GCC_WARN_UNUSED_FUNCTION = YES;
				GCC_WARN_UNUSED_VARIABLE = YES;
				IPHONEOS_DEPLOYMENT_TARGET = 15.0;
				MTL_ENABLE_DEBUG_INFO = NO;
				MTL_FAST_MATH = YES;
				SDKROOT = iphoneos;
				SWIFT_COMPILATION_MODE = wholemodule;
				SWIFT_OPTIMIZATION_LEVEL = "-O";
				VALIDATE_PRODUCT = YES;
			};
			name = Release;
		};
		56DF2527272DC38400103545 /* Debug */ = {
			isa = XCBuildConfiguration;
			buildSettings = {
				ASSETCATALOG_COMPILER_APPICON_NAME = AppIcon;
				ASSETCATALOG_COMPILER_GLOBAL_ACCENT_COLOR_NAME = AccentColor;
				CODE_SIGN_STYLE = Automatic;
				CURRENT_PROJECT_VERSION = 1;
				DEVELOPMENT_ASSET_PATHS = "\"Recipe App List/Preview Content\"";
				DEVELOPMENT_TEAM = RCAQ634S4K;
				ENABLE_PREVIEWS = YES;
				GENERATE_INFOPLIST_FILE = YES;
				INFOPLIST_KEY_UIApplicationSceneManifest_Generation = YES;
				INFOPLIST_KEY_UIApplicationSupportsIndirectInputEvents = YES;
				INFOPLIST_KEY_UILaunchScreen_Generation = YES;
				INFOPLIST_KEY_UISupportedInterfaceOrientations_iPad = "UIInterfaceOrientationPortrait UIInterfaceOrientationPortraitUpsideDown UIInterfaceOrientationLandscapeLeft UIInterfaceOrientationLandscapeRight";
				INFOPLIST_KEY_UISupportedInterfaceOrientations_iPhone = "UIInterfaceOrientationPortrait UIInterfaceOrientationLandscapeLeft UIInterfaceOrientationLandscapeRight";
				IPHONEOS_DEPLOYMENT_TARGET = 14.0;
				LD_RUNPATH_SEARCH_PATHS = (
					"$(inherited)",
					"@executable_path/Frameworks",
				);
				MARKETING_VERSION = 1.0;
				PRODUCT_BUNDLE_IDENTIFIER = "com.Recipe-App-List";
				PRODUCT_NAME = "$(TARGET_NAME)";
				SWIFT_EMIT_LOC_STRINGS = YES;
				SWIFT_VERSION = 5.0;
				TARGETED_DEVICE_FAMILY = "1,2";
			};
			name = Debug;
		};
		56DF2528272DC38400103545 /* Release */ = {
			isa = XCBuildConfiguration;
			buildSettings = {
				ASSETCATALOG_COMPILER_APPICON_NAME = AppIcon;
				ASSETCATALOG_COMPILER_GLOBAL_ACCENT_COLOR_NAME = AccentColor;
				CODE_SIGN_STYLE = Automatic;
				CURRENT_PROJECT_VERSION = 1;
				DEVELOPMENT_ASSET_PATHS = "\"Recipe App List/Preview Content\"";
				DEVELOPMENT_TEAM = RCAQ634S4K;
				ENABLE_PREVIEWS = YES;
				GENERATE_INFOPLIST_FILE = YES;
				INFOPLIST_KEY_UIApplicationSceneManifest_Generation = YES;
				INFOPLIST_KEY_UIApplicationSupportsIndirectInputEvents = YES;
				INFOPLIST_KEY_UILaunchScreen_Generation = YES;
				INFOPLIST_KEY_UISupportedInterfaceOrientations_iPad = "UIInterfaceOrientationPortrait UIInterfaceOrientationPortraitUpsideDown UIInterfaceOrientationLandscapeLeft UIInterfaceOrientationLandscapeRight";
				INFOPLIST_KEY_UISupportedInterfaceOrientations_iPhone = "UIInterfaceOrientationPortrait UIInterfaceOrientationLandscapeLeft UIInterfaceOrientationLandscapeRight";
				IPHONEOS_DEPLOYMENT_TARGET = 14.0;
				LD_RUNPATH_SEARCH_PATHS = (
					"$(inherited)",
					"@executable_path/Frameworks",
				);
				MARKETING_VERSION = 1.0;
				PRODUCT_BUNDLE_IDENTIFIER = "com.Recipe-App-List";
				PRODUCT_NAME = "$(TARGET_NAME)";
				SWIFT_EMIT_LOC_STRINGS = YES;
				SWIFT_VERSION = 5.0;
				TARGETED_DEVICE_FAMILY = "1,2";
			};
			name = Release;
		};
/* End XCBuildConfiguration section */

/* Begin XCConfigurationList section */
		56DF2513272DC38300103545 /* Build configuration list for PBXProject "Recipe App List" */ = {
			isa = XCConfigurationList;
			buildConfigurations = (
				56DF2524272DC38400103545 /* Debug */,
				56DF2525272DC38400103545 /* Release */,
			);
			defaultConfigurationIsVisible = 0;
			defaultConfigurationName = Release;
		};
		56DF2526272DC38400103545 /* Build configuration list for PBXNativeTarget "Recipe App List" */ = {
			isa = XCConfigurationList;
			buildConfigurations = (
				56DF2527272DC38400103545 /* Debug */,
				56DF2528272DC38400103545 /* Release */,
			);
			defaultConfigurationIsVisible = 0;
			defaultConfigurationName = Release;
		};
/* End XCConfigurationList section */
	};
	rootObject = 56DF2510272DC38300103545 /* Project object */;
}
